{
  "name": "@alexspirgel/is-element",
  "version": "1.0.0",
  "lockfileVersion": 1,
  "requires": true,
  "dependencies": {
    "@alexspirgel/is-plain-object": {
      "version": "1.0.4",
      "resolved": "https://registry.npmjs.org/@alexspirgel/is-plain-object/-/is-plain-object-1.0.4.tgz",
      "integrity": "sha512-ft9ndIBca/nG6SOHwWKJwqw/Ok+JXVa016DotrgQct3ZD9Qw1o5jWUYtwIeYEMUT+OAPE5/+mOWBZXNwbnvnVQ=="
    }
  }
}
