{
  "name": "@alexspirgel/is-element",
  "version": "1.0.1",
  "lockfileVersion": 1,
  "requires": true,
  "dependencies": {
    "@alexspirgel/is-plain-object": {
      "version": "1.0.5",
      "resolved": "https://registry.npmjs.org/@alexspirgel/is-plain-object/-/is-plain-object-1.0.5.tgz",
      "integrity": "sha512-d02mOVE7GyBo9U6YFKU7zZaulswvancVoh7rvdJNeLwvDAVrXXnIxsPVBrkEdRYZv36pgl0IydkD2m3eI89nVQ=="
    }
  }
}
